
Microsoft Visual Studio Solution File, Format Version 12.00
# Visual Studio 15
VisualStudioVersion = 15.0.27004.2009
MinimumVisualStudioVersion = 10.0.40219.1
Project("{FAE04EC0-301F-11D3-BF4B-00C04F79EFBC}") = "PiC3", "PiC3\PiC3.csproj", "{9B42DB62-250A-49D1-8D89-10939AC5EF2B}"
EndProject
Global
	GlobalSection(SolutionConfigurationPlatforms) = preSolution
		Debug|Any CPU = Debug|Any CPU
		Release|Any CPU = Release|Any CPU
	EndGlobalSection
	GlobalSection(ProjectConfigurationPlatforms) = postSolution
		{9B42DB62-250A-49D1-8D89-10939AC5EF2B}.Debug|Any CPU.ActiveCfg = Debug|Any CPU
		{9B42DB62-250A-49D1-8D89-10939AC5EF2B}.Debug|Any CPU.Build.0 = Debug|Any CPU
		{9B42DB62-250A-49D1-8D89-10939AC5EF2B}.Release|Any CPU.ActiveCfg = Release|Any CPU
		{9B42DB62-250A-49D1-8D89-10939AC5EF2B}.Release|Any CPU.Build.0 = Release|Any CPU
	EndGlobalSection
	GlobalSection(SolutionProperties) = preSolution
		HideSolutionNode = FALSE
	EndGlobalSection
	GlobalSection(ExtensibilityGlobals) = postSolution
		SolutionGuid = {6E73BC30-DFBB-424E-A8FF-8502F9B526EC}
	EndGlobalSection
EndGlobal
